# This file is generated by running "yarn install" inside your project.
# Manual changes might be lost - proceed with caution!

__metadata:
  version: 8
  cacheKey: 10c0

"fs-extra@npm:^11.2.0":
  version: 11.2.0
  resolution: "fs-extra@npm:11.2.0"
  dependencies:
    graceful-fs: "npm:^4.2.0"
    jsonfile: "npm:^6.0.1"
    universalify: "npm:^2.0.0"
  checksum: 10c0/d77a9a9efe60532d2e790e938c81a02c1b24904ef7a3efb3990b835514465ba720e99a6ea56fd5e2db53b4695319b644d76d5a0e9988a2beef80aa7b1da63398
  languageName: node
  linkType: hard

"graceful-fs@npm:^4.1.6, graceful-fs@npm:^4.2.0":
  version: 4.2.3
  resolution: "graceful-fs@npm:4.2.3"
  checksum: 10c0/ab87666ad604b8ad2f0a5b696980fbec9bec6f71aded4ed374edef631acf651e0bd52bb27c30bb9d06de2d29eb87c7a79e961af7bb7e62aec526005c02546fc1
  languageName: node
  linkType: hard

"jsonfile@npm:^6.0.1":
  version: 6.0.1
  resolution: "jsonfile@npm:6.0.1"
  dependencies:
    graceful-fs: "npm:^4.1.6"
    universalify: "npm:^1.0.0"
  dependenciesMeta:
    graceful-fs:
      optional: true
  checksum: 10c0/0e2014decce2d3381fbf56716e74bf8a090c000d1a565653c5c18534f1ca3c2123c6ee0c6e7f03eb5df9f5c4c3d10c60313921fafc3f2d9da9566199c30ec629
  languageName: node
  linkType: hard

"jsontoxml@npm:^1.0.1":
  version: 1.0.1
  resolution: "jsontoxml@npm:1.0.1"
  checksum: 10c0/4c5bc89ca84e9c933153cff4c9d6beda29bcd4ca84a9e2e58beeccc81c42decb347720e2d1ed3bb6ec1062504d9cbc3ff0583fee11bf2f3177d03914c5db4365
  languageName: node
  linkType: hard

"moment@npm:^2.30.1":
  version: 2.30.1
  resolution: "moment@npm:2.30.1"
  checksum: 10c0/865e4279418c6de666fca7786607705fd0189d8a7b7624e2e56be99290ac846f90878a6f602e34b4e0455c549b85385b1baf9966845962b313699e7cb847543a
  languageName: node
  linkType: hard

"node-fetch@npm:^2.6.1":
  version: 2.6.1
  resolution: "node-fetch@npm:2.6.1"
  checksum: 10c0/c58586d121782df045681e29608f940be90c7d8c4cada29957c148cfcc5e2d81d74b690cf10ee6879ed055da7ea821450a74ff43f3bde651cf6c8a5f34a77e2a
  languageName: node
  linkType: hard

"pluto-iptv@workspace:.":
  version: 0.0.0-use.local
  resolution: "pluto-iptv@workspace:."
  dependencies:
    fs-extra: "npm:^11.2.0"
    jsontoxml: "npm:^1.0.1"
    moment: "npm:^2.30.1"
    node-fetch: "npm:^2.6.1"
    uuid: "npm:^9.0.1"
  bin:
    pluto-iptv: ./index.js
  languageName: unknown
  linkType: soft

"universalify@npm:^1.0.0":
  version: 1.0.0
  resolution: "universalify@npm:1.0.0"
  checksum: 10c0/735dd9c118f96a13c7810212ef8b45e239e2fe6bf65aceefbc2826334fcfe8c523dbbf1458cef011563c51505e3a367dff7654cfb0cec5b6aa710ef120843396
  languageName: node
  linkType: hard

"universalify@npm:^2.0.0":
  version: 2.0.0
  resolution: "universalify@npm:2.0.0"
  checksum: 10c0/07092b9f46df61b823d8ab5e57f0ee5120c178b39609a95e4a15a98c42f6b0b8e834e66fbb47ff92831786193be42f1fd36347169b88ce8639d0f9670af24a71
  languageName: node
  linkType: hard

"uuid@npm:^9.0.1":
  version: 9.0.1
  resolution: "uuid@npm:9.0.1"
  bin:
    uuid: dist/bin/uuid
  checksum: 10c0/1607dd32ac7fc22f2d8f77051e6a64845c9bce5cd3dd8aa0070c074ec73e666a1f63c7b4e0f4bf2bc8b9d59dc85a15e17807446d9d2b17c8485fbc2147b27f9b
  languageName: node
  linkType: hard
